{
  "object": {
    "pins": [
      {
        "package": "Archivable",
        "repositoryURL": "https://github.com/archivable/package.git",
        "state": {
          "branch": "main",
          "revision": "47cb9cc8d37de018252f8ce665ac9e34817d6b9f",
          "version": null
        }
      }
    ]
  },
  "version": 1
}
