{
  "object": {
    "pins": [
      {
        "package": "Archivable",
        "repositoryURL": "https://github.com/archivable/package.git",
        "state": {
          "branch": "main",
          "revision": "21d2bb18b61ea19f83cc68a1cde10da45d8b4841",
          "version": null
        }
      }
    ]
  },
  "version": 1
}
