{
  "object": {
    "pins": [
      {
        "package": "Archivable",
        "repositoryURL": "https://github.com/archivable/package.git",
        "state": {
          "branch": "main",
          "revision": "fb62fe90aa4fb63f3d9d7dd818e06d21a0a1e6c6",
          "version": null
        }
      }
    ]
  },
  "version": 1
}
